
Microsoft Visual Studio Solution File, Format Version 12.00
# Visual Studio Version 16
VisualStudioVersion = 16.0.31624.102
MinimumVisualStudioVersion = 10.0.40219.1
Project("{FAE04EC0-301F-11D3-BF4B-00C04F79EFBC}") = "PlayGround", "PlayGround\PlayGround.csproj", "{4E516A38-2984-49B2-971E-CA78302DD1DD}"
EndProject
Global
	GlobalSection(SolutionConfigurationPlatforms) = preSolution
		Debug|Any CPU = Debug|Any CPU
		Release|Any CPU = Release|Any CPU
	EndGlobalSection
	GlobalSection(ProjectConfigurationPlatforms) = postSolution
		{4E516A38-2984-49B2-971E-CA78302DD1DD}.Debug|Any CPU.ActiveCfg = Debug|Any CPU
		{4E516A38-2984-49B2-971E-CA78302DD1DD}.Debug|Any CPU.Build.0 = Debug|Any CPU
		{4E516A38-2984-49B2-971E-CA78302DD1DD}.Release|Any CPU.ActiveCfg = Release|Any CPU
		{4E516A38-2984-49B2-971E-CA78302DD1DD}.Release|Any CPU.Build.0 = Release|Any CPU
	EndGlobalSection
	GlobalSection(SolutionProperties) = preSolution
		HideSolutionNode = FALSE
	EndGlobalSection
	GlobalSection(ExtensibilityGlobals) = postSolution
		SolutionGuid = {29554AE0-EC33-4C26-8FE9-678D47AA67E1}
	EndGlobalSection
EndGlobal
